// !$*UTF8*$!
{
	archiveVersion = 1;
	classes = {
	};
	objectVersion = 46;
	objects = {

/* Begin PBXBuildFile section */
		10DBAA731D56913D000017BF /* AppDelegate.swift in Sources */ = {isa = PBXBuildFile; fileRef = 10DBAA721D56913D000017BF /* AppDelegate.swift */; };
		10DBAA751D56913D000017BF /* ViewController.swift in Sources */ = {isa = PBXBuildFile; fileRef = 10DBAA741D56913D000017BF /* ViewController.swift */; };
		10DBAA781D56913D000017BF /* Main.storyboard in Resources */ = {isa = PBXBuildFile; fileRef = 10DBAA761D56913D000017BF /* Main.storyboard */; };
		10DBAA7A1D56913D000017BF /* Assets.xcassets in Resources */ = {isa = PBXBuildFile; fileRef = 10DBAA791D56913D000017BF /* Assets.xcassets */; };
		10DBAA7D1D56913D000017BF /* LaunchScreen.storyboard in Resources */ = {isa = PBXBuildFile; fileRef = 10DBAA7B1D56913D000017BF /* LaunchScreen.storyboard */; };
/* End PBXBuildFile section */

/* Begin PBXFileReference section */
		10DBAA6F1D56913D000017BF /* reproductorTarea.app */ = {isa = PBXFileReference; explicitFileType = wrapper.application; includeInIndex = 0; path = reproductorTarea.app; sourceTree = BUILT_PRODUCTS_DIR; };
		10DBAA721D56913D000017BF /* AppDelegate.swift */ = {isa = PBXFileReference; lastKnownFileType = sourcecode.swift; path = AppDelegate.swift; sourceTree = "<group>"; };
		10DBAA741D56913D000017BF /* ViewController.swift */ = {isa = PBXFileReference; lastKnownFileType = sourcecode.swift; path = ViewController.swift; sourceTree = "<group>"; };
		10DBAA771D56913D000017BF /* Base */ = {isa = PBXFileReference; lastKnownFileType = file.storyboard; name = Base; path = Base.lproj/Main.storyboard; sourceTree = "<group>"; };
		10DBAA791D56913D000017BF /* Assets.xcassets */ = {isa = PBXFileReference; lastKnownFileType = folder.assetcatalog; path = Assets.xcassets; sourceTree = "<group>"; };
		10DBAA7C1D56913D000017BF /* Base */ = {isa = PBXFileReference; lastKnownFileType = file.storyboard; name = Base; path = Base.lproj/LaunchScreen.storyboard; sourceTree = "<group>"; };
		10DBAA7E1D56913D000017BF /* Info.plist */ = {isa = PBXFileReference; lastKnownFileType = text.plist.xml; path = Info.plist; sourceTree = "<group>"; };
/* End PBXFileReference section */

/* Begin PBXFrameworksBuildPhase section */
		10DBAA6C1D56913D000017BF /* Frameworks */ = {
			isa = PBXFrameworksBuildPhase;
			buildActionMask = 2147483647;
			files = (
			);
			runOnlyForDeploymentPostprocessing = 0;
		};
/* End PBXFrameworksBuildPhase section */

/* Begin PBXGroup section */
		10DBAA661D56913D000017BF = {
			isa = PBXGroup;
			children = (
				10DBAA711D56913D000017BF /* reproductorTarea */,
				10DBAA701D56913D000017BF /* Products */,
			);
			sourceTree = "<group>";
		};
		10DBAA701D56913D000017BF /* Products */ = {
			isa = PBXGroup;
			children = (
				10DBAA6F1D56913D000017BF /* reproductorTarea.app */,
			);
			name = Products;
			sourceTree = "<group>";
		};
		10DBAA711D56913D000017BF /* reproductorTarea */ = {
			isa = PBXGroup;
			children = (
				10DBAA721D56913D000017BF /* AppDelegate.swift */,
				10DBAA741D56913D000017BF /* ViewController.swift */,
				10DBAA761D56913D000017BF /* Main.storyboard */,
				10DBAA791D56913D000017BF /* Assets.xcassets */,
				10DBAA7B1D56913D000017BF /* LaunchScreen.storyboard */,
				10DBAA7E1D56913D000017BF /* Info.plist */,
			);
			path = reproductorTarea;
			sourceTree = "<group>";
		};
/* End PBXGroup section */

/* Begin PBXNativeTarget section */
		10DBAA6E1D56913D000017BF /* reproductorTarea */ = {
			isa = PBXNativeTarget;
			buildConfigurationList = 10DBAA811D56913D000017BF /* Build configuration list for PBXNativeTarget "reproductorTarea" */;
			buildPhases = (
				10DBAA6B1D56913D000017BF /* Sources */,
				10DBAA6C1D56913D000017BF /* Frameworks */,
				10DBAA6D1D56913D000017BF /* Resources */,
			);
			buildRules = (
			);
			dependencies = (
			);
			name = reproductorTarea;
			productName = reproductorTarea;
			productReference = 10DBAA6F1D56913D000017BF /* reproductorTarea.app */;
			productType = "com.apple.product-type.application";
		};
/* End PBXNativeTarget section */

/* Begin PBXProject section */
		10DBAA671D56913D000017BF /* Project object */ = {
			isa = PBXProject;
			attributes = {
				LastSwiftUpdateCheck = 0730;
				LastUpgradeCheck = 0730;
				ORGANIZATIONNAME = XrgerX;
				TargetAttributes = {
					10DBAA6E1D56913D000017BF = {
						CreatedOnToolsVersion = 7.3;
					};
				};
			};
			buildConfigurationList = 10DBAA6A1D56913D000017BF /* Build configuration list for PBXProject "reproductorTarea" */;
			compatibilityVersion = "Xcode 3.2";
			developmentRegion = English;
			hasScannedForEncodings = 0;
			knownRegions = (
				en,
				Base,
			);
			mainGroup = 10DBAA661D56913D000017BF;
			productRefGroup = 10DBAA701D56913D000017BF /* Products */;
			projectDirPath = "";
			projectRoot = "";
			targets = (
				10DBAA6E1D56913D000017BF /* reproductorTarea */,
			);
		};
/* End PBXProject section */

/* Begin PBXResourcesBuildPhase section */
		10DBAA6D1D56913D000017BF /* Resources */ = {
			isa = PBXResourcesBuildPhase;
			buildActionMask = 2147483647;
			files = (
				10DBAA7D1D56913D000017BF /* LaunchScreen.storyboard in Resources */,
				10DBAA7A1D56913D000017BF /* Assets.xcassets in Resources */,
				10DBAA781D56913D000017BF /* Main.storyboard in Resources */,
			);
			runOnlyForDeploymentPostprocessing = 0;
		};
/* End PBXResourcesBuildPhase section */

/* Begin PBXSourcesBuildPhase section */
		10DBAA6B1D56913D000017BF /* Sources */ = {
			isa = PBXSourcesBuildPhase;
			buildActionMask = 2147483647;
			files = (
				10DBAA751D56913D000017BF /* ViewController.swift in Sources */,
				10DBAA731D56913D000017BF /* AppDelegate.swift in Sources */,
			);
			runOnlyForDeploymentPostprocessing = 0;
		};
/* End PBXSourcesBuildPhase section */

/* Begin PBXVariantGroup section */
		10DBAA761D56913D000017BF /* Main.storyboard */ = {
			isa = PBXVariantGroup;
			children = (
				10DBAA771D56913D000017BF /* Base */,
			);
			name = Main.storyboard;
			sourceTree = "<group>";
		};
		10DBAA7B1D56913D000017BF /* LaunchScreen.storyboard */ = {
			isa = PBXVariantGroup;
			children = (
				10DBAA7C1D56913D000017BF /* Base */,
			);
			name = LaunchScreen.storyboard;
			sourceTree = "<group>";
		};
/* End PBXVariantGroup section */

/* Begin XCBuildConfiguration section */
		10DBAA7F1D56913D000017BF /* Debug */ = {
			isa = XCBuildConfiguration;
			buildSettings = {
				ALWAYS_SEARCH_USER_PATHS = NO;
				CLANG_ANALYZER_NONNULL = YES;
				CLANG_CXX_LANGUAGE_STANDARD = "gnu++0x";
				CLANG_CXX_LIBRARY = "libc++";
				CLANG_ENABLE_MODULES = YES;
				CLANG_ENABLE_OBJC_ARC = YES;
				CLANG_WARN_BOOL_CONVERSION = YES;
				CLANG_WARN_CONSTANT_CONVERSION = YES;
				CLANG_WARN_DIRECT_OBJC_ISA_USAGE = YES_ERROR;
				CLANG_WARN_EMPTY_BODY = YES;
				CLANG_WARN_ENUM_CONVERSION = YES;
				CLANG_WARN_INT_CONVERSION = YES;
				CLANG_WARN_OBJC_ROOT_CLASS = YES_ERROR;
				CLANG_WARN_UNREACHABLE_CODE = YES;
				CLANG_WARN__DUPLICATE_METHOD_MATCH = YES;
				"CODE_SIGN_IDENTITY[sdk=iphoneos*]" = "iPhone Developer";
				COPY_PHASE_STRIP = NO;
				DEBUG_INFORMATION_FORMAT = dwarf;
				ENABLE_STRICT_OBJC_MSGSEND = YES;
				ENABLE_TESTABILITY = YES;
				GCC_C_LANGUAGE_STANDARD = gnu99;
				GCC_DYNAMIC_NO_PIC = NO;
				GCC_NO_COMMON_BLOCKS = YES;
				GCC_OPTIMIZATION_LEVEL = 0;
				GCC_PREPROCESSOR_DEFINITIONS = (
					"DEBUG=1",
					"$(inherited)",
				);
				GCC_WARN_64_TO_32_BIT_CONVERSION = YES;
				GCC_WARN_ABOUT_RETURN_TYPE = YES_ERROR;
				GCC_WARN_UNDECLARED_SELECTOR = YES;
				GCC_WARN_UNINITIALIZED_AUTOS = YES_AGGRESSIVE;
				GCC_WARN_UNUSED_FUNCTION = YES;
				GCC_WARN_UNUSED_VARIABLE = YES;
				IPHONEOS_DEPLOYMENT_TARGET = 9.3;
				MTL_ENABLE_DEBUG_INFO = YES;
				ONLY_ACTIVE_ARCH = YES;
				SDKROOT = iphoneos;
				SWIFT_OPTIMIZATION_LEVEL = "-Onone";
			};
			name = Debug;
		};
		10DBAA801D56913D000017BF /* Release */ = {
			isa = XCBuildConfiguration;
			buildSettings = {
				ALWAYS_SEARCH_USER_PATHS = NO;
				CLANG_ANALYZER_NONNULL = YES;
				CLANG_CXX_LANGUAGE_STANDARD = "gnu++0x";
				CLANG_CXX_LIBRARY = "libc++";
				CLANG_ENABLE_MODULES = YES;
				CLANG_ENABLE_OBJC_ARC = YES;
				CLANG_WARN_BOOL_CONVERSION = YES;
				CLANG_WARN_CONSTANT_CONVERSION = YES;
				CLANG_WARN_DIRECT_OBJC_ISA_USAGE = YES_ERROR;
				CLANG_WARN_EMPTY_BODY = YES;
				CLANG_WARN_ENUM_CONVERSION = YES;
				CLANG_WARN_INT_CONVERSION = YES;
				CLANG_WARN_OBJC_ROOT_CLASS = YES_ERROR;
				CLANG_WARN_UNREACHABLE_CODE = YES;
				CLANG_WARN__DUPLICATE_METHOD_MATCH = YES;
				"CODE_SIGN_IDENTITY[sdk=iphoneos*]" = "iPhone Developer";
				COPY_PHASE_STRIP = NO;
				DEBUG_INFORMATION_FORMAT = "dwarf-with-dsym";
				ENABLE_NS_ASSERTIONS = NO;
				ENABLE_STRICT_OBJC_MSGSEND = YES;
				GCC_C_LANGUAGE_STANDARD = gnu99;
				GCC_NO_COMMON_BLOCKS = YES;
				GCC_WARN_64_TO_32_BIT_CONVERSION = YES;
				GCC_WARN_ABOUT_RETURN_TYPE = YES_ERROR;
				GCC_WARN_UNDECLARED_SELECTOR = YES;
				GCC_WARN_UNINITIALIZED_AUTOS = YES_AGGRESSIVE;
				GCC_WARN_UNUSED_FUNCTION = YES;
				GCC_WARN_UNUSED_VARIABLE = YES;
				IPHONEOS_DEPLOYMENT_TARGET = 9.3;
				MTL_ENABLE_DEBUG_INFO = NO;
				SDKROOT = iphoneos;
				VALIDATE_PRODUCT = YES;
			};
			name = Release;
		};
		10DBAA821D56913D000017BF /* Debug */ = {
			isa = XCBuildConfiguration;
			buildSettings = {
				ASSETCATALOG_COMPILER_APPICON_NAME = AppIcon;
				INFOPLIST_FILE = reproductorTarea/Info.plist;
				LD_RUNPATH_SEARCH_PATHS = "$(inherited) @executable_path/Frameworks";
				PRODUCT_BUNDLE_IDENTIFIER = Idigital.reproductorTarea;
				PRODUCT_NAME = "$(TARGET_NAME)";
			};
			name = Debug;
		};
		10DBAA831D56913D000017BF /* Release */ = {
			isa = XCBuildConfiguration;
			buildSettings = {
				ASSETCATALOG_COMPILER_APPICON_NAME = AppIcon;
				INFOPLIST_FILE = reproductorTarea/Info.plist;
				LD_RUNPATH_SEARCH_PATHS = "$(inherited) @executable_path/Frameworks";
				PRODUCT_BUNDLE_IDENTIFIER = Idigital.reproductorTarea;
				PRODUCT_NAME = "$(TARGET_NAME)";
			};
			name = Release;
		};
/* End XCBuildConfiguration section */

/* Begin XCConfigurationList section */
		10DBAA6A1D56913D000017BF /* Build configuration list for PBXProject "reproductorTarea" */ = {
			isa = XCConfigurationList;
			buildConfigurations = (
				10DBAA7F1D56913D000017BF /* Debug */,
				10DBAA801D56913D000017BF /* Release */,
			);
			defaultConfigurationIsVisible = 0;
			defaultConfigurationName = Release;
		};
		10DBAA811D56913D000017BF /* Build configuration list for PBXNativeTarget "reproductorTarea" */ = {
			isa = XCConfigurationList;
			buildConfigurations = (
				10DBAA821D56913D000017BF /* Debug */,
				10DBAA831D56913D000017BF /* Release */,
			);
			defaultConfigurationIsVisible = 0;
		};
/* End XCConfigurationList section */
	};
	rootObject = 10DBAA671D56913D000017BF /* Project object */;
}
